
Microsoft Visual Studio Solution File, Format Version 12.00
# Visual Studio 15
VisualStudioVersion = 15.0.27703.2042
MinimumVisualStudioVersion = 10.0.40219.1
Project("{FAE04EC0-301F-11D3-BF4B-00C04F79EFBC}") = "CookieAuthSample", "CookieAuthSample\CookieAuthSample.csproj", "{AC13B5B1-E557-4BE6-92FF-C9B5E6B8B415}"
EndProject
Global
	GlobalSection(SolutionConfigurationPlatforms) = preSolution
		Debug|Any CPU = Debug|Any CPU
		Release|Any CPU = Release|Any CPU
	EndGlobalSection
	GlobalSection(ProjectConfigurationPlatforms) = postSolution
		{AC13B5B1-E557-4BE6-92FF-C9B5E6B8B415}.Debug|Any CPU.ActiveCfg = Debug|Any CPU
		{AC13B5B1-E557-4BE6-92FF-C9B5E6B8B415}.Debug|Any CPU.Build.0 = Debug|Any CPU
		{AC13B5B1-E557-4BE6-92FF-C9B5E6B8B415}.Release|Any CPU.ActiveCfg = Release|Any CPU
		{AC13B5B1-E557-4BE6-92FF-C9B5E6B8B415}.Release|Any CPU.Build.0 = Release|Any CPU
	EndGlobalSection
	GlobalSection(SolutionProperties) = preSolution
		HideSolutionNode = FALSE
	EndGlobalSection
	GlobalSection(ExtensibilityGlobals) = postSolution
		SolutionGuid = {1E22B8A9-D2CC-43DF-BC91-C23F48C60A90}
	EndGlobalSection
EndGlobal
